// !$*UTF8*$!
{
	archiveVersion = 1;
	classes = {
	};
	objectVersion = 46;
	objects = {

/* Begin PBXBuildFile section */
		1C212D3A1C89F46E00FC78FC /* AppDelegate.swift in Sources */ = {isa = PBXBuildFile; fileRef = 1C212D391C89F46E00FC78FC /* AppDelegate.swift */; };
		1C212D3C1C89F46E00FC78FC /* ViewController.swift in Sources */ = {isa = PBXBuildFile; fileRef = 1C212D3B1C89F46E00FC78FC /* ViewController.swift */; };
		1C212D3F1C89F46E00FC78FC /* Main.storyboard in Resources */ = {isa = PBXBuildFile; fileRef = 1C212D3D1C89F46E00FC78FC /* Main.storyboard */; };
		1C212D411C89F46E00FC78FC /* Assets.xcassets in Resources */ = {isa = PBXBuildFile; fileRef = 1C212D401C89F46E00FC78FC /* Assets.xcassets */; };
		1C212D441C89F46E00FC78FC /* LaunchScreen.storyboard in Resources */ = {isa = PBXBuildFile; fileRef = 1C212D421C89F46E00FC78FC /* LaunchScreen.storyboard */; };
		1C212D4F1C89F46E00FC78FC /* Pie_Chart_ViewTests.swift in Sources */ = {isa = PBXBuildFile; fileRef = 1C212D4E1C89F46E00FC78FC /* Pie_Chart_ViewTests.swift */; };
		1C212D5A1C89F46E00FC78FC /* Pie_Chart_ViewUITests.swift in Sources */ = {isa = PBXBuildFile; fileRef = 1C212D591C89F46E00FC78FC /* Pie_Chart_ViewUITests.swift */; };
		1C212D681C89F48100FC78FC /* PieChartView.swift in Sources */ = {isa = PBXBuildFile; fileRef = 1C212D671C89F48100FC78FC /* PieChartView.swift */; };
/* End PBXBuildFile section */

/* Begin PBXContainerItemProxy section */
		1C212D4B1C89F46E00FC78FC /* PBXContainerItemProxy */ = {
			isa = PBXContainerItemProxy;
			containerPortal = 1C212D2E1C89F46E00FC78FC /* Project object */;
			proxyType = 1;
			remoteGlobalIDString = 1C212D351C89F46E00FC78FC;
			remoteInfo = "Pie Chart View";
		};
		1C212D561C89F46E00FC78FC /* PBXContainerItemProxy */ = {
			isa = PBXContainerItemProxy;
			containerPortal = 1C212D2E1C89F46E00FC78FC /* Project object */;
			proxyType = 1;
			remoteGlobalIDString = 1C212D351C89F46E00FC78FC;
			remoteInfo = "Pie Chart View";
		};
/* End PBXContainerItemProxy section */

/* Begin PBXFileReference section */
		1C212D361C89F46E00FC78FC /* Pie Chart View.app */ = {isa = PBXFileReference; explicitFileType = wrapper.application; includeInIndex = 0; path = "Pie Chart View.app"; sourceTree = BUILT_PRODUCTS_DIR; };
		1C212D391C89F46E00FC78FC /* AppDelegate.swift */ = {isa = PBXFileReference; lastKnownFileType = sourcecode.swift; path = AppDelegate.swift; sourceTree = "<group>"; };
		1C212D3B1C89F46E00FC78FC /* ViewController.swift */ = {isa = PBXFileReference; lastKnownFileType = sourcecode.swift; path = ViewController.swift; sourceTree = "<group>"; };
		1C212D3E1C89F46E00FC78FC /* Base */ = {isa = PBXFileReference; lastKnownFileType = file.storyboard; name = Base; path = Base.lproj/Main.storyboard; sourceTree = "<group>"; };
		1C212D401C89F46E00FC78FC /* Assets.xcassets */ = {isa = PBXFileReference; lastKnownFileType = folder.assetcatalog; path = Assets.xcassets; sourceTree = "<group>"; };
		1C212D431C89F46E00FC78FC /* Base */ = {isa = PBXFileReference; lastKnownFileType = file.storyboard; name = Base; path = Base.lproj/LaunchScreen.storyboard; sourceTree = "<group>"; };
		1C212D451C89F46E00FC78FC /* Info.plist */ = {isa = PBXFileReference; lastKnownFileType = text.plist.xml; path = Info.plist; sourceTree = "<group>"; };
		1C212D4A1C89F46E00FC78FC /* Pie Chart ViewTests.xctest */ = {isa = PBXFileReference; explicitFileType = wrapper.cfbundle; includeInIndex = 0; path = "Pie Chart ViewTests.xctest"; sourceTree = BUILT_PRODUCTS_DIR; };
		1C212D4E1C89F46E00FC78FC /* Pie_Chart_ViewTests.swift */ = {isa = PBXFileReference; lastKnownFileType = sourcecode.swift; path = Pie_Chart_ViewTests.swift; sourceTree = "<group>"; };
		1C212D501C89F46E00FC78FC /* Info.plist */ = {isa = PBXFileReference; lastKnownFileType = text.plist.xml; path = Info.plist; sourceTree = "<group>"; };
		1C212D551C89F46E00FC78FC /* Pie Chart ViewUITests.xctest */ = {isa = PBXFileReference; explicitFileType = wrapper.cfbundle; includeInIndex = 0; path = "Pie Chart ViewUITests.xctest"; sourceTree = BUILT_PRODUCTS_DIR; };
		1C212D591C89F46E00FC78FC /* Pie_Chart_ViewUITests.swift */ = {isa = PBXFileReference; lastKnownFileType = sourcecode.swift; path = Pie_Chart_ViewUITests.swift; sourceTree = "<group>"; };
		1C212D5B1C89F46E00FC78FC /* Info.plist */ = {isa = PBXFileReference; lastKnownFileType = text.plist.xml; path = Info.plist; sourceTree = "<group>"; };
		1C212D671C89F48100FC78FC /* PieChartView.swift */ = {isa = PBXFileReference; fileEncoding = 4; lastKnownFileType = sourcecode.swift; path = PieChartView.swift; sourceTree = "<group>"; };
/* End PBXFileReference section */

/* Begin PBXFrameworksBuildPhase section */
		1C212D331C89F46E00FC78FC /* Frameworks */ = {
			isa = PBXFrameworksBuildPhase;
			buildActionMask = 2147483647;
			files = (
			);
			runOnlyForDeploymentPostprocessing = 0;
		};
		1C212D471C89F46E00FC78FC /* Frameworks */ = {
			isa = PBXFrameworksBuildPhase;
			buildActionMask = 2147483647;
			files = (
			);
			runOnlyForDeploymentPostprocessing = 0;
		};
		1C212D521C89F46E00FC78FC /* Frameworks */ = {
			isa = PBXFrameworksBuildPhase;
			buildActionMask = 2147483647;
			files = (
			);
			runOnlyForDeploymentPostprocessing = 0;
		};
/* End PBXFrameworksBuildPhase section */

/* Begin PBXGroup section */
		1C212D2D1C89F46E00FC78FC = {
			isa = PBXGroup;
			children = (
				1C212D381C89F46E00FC78FC /* Pie Chart View */,
				1C212D4D1C89F46E00FC78FC /* Pie Chart ViewTests */,
				1C212D581C89F46E00FC78FC /* Pie Chart ViewUITests */,
				1C212D371C89F46E00FC78FC /* Products */,
			);
			sourceTree = "<group>";
		};
		1C212D371C89F46E00FC78FC /* Products */ = {
			isa = PBXGroup;
			children = (
				1C212D361C89F46E00FC78FC /* Pie Chart View.app */,
				1C212D4A1C89F46E00FC78FC /* Pie Chart ViewTests.xctest */,
				1C212D551C89F46E00FC78FC /* Pie Chart ViewUITests.xctest */,
			);
			name = Products;
			sourceTree = "<group>";
		};
		1C212D381C89F46E00FC78FC /* Pie Chart View */ = {
			isa = PBXGroup;
			children = (
				1C212D391C89F46E00FC78FC /* AppDelegate.swift */,
				1C212D3B1C89F46E00FC78FC /* ViewController.swift */,
				1C212D671C89F48100FC78FC /* PieChartView.swift */,
				1C212D3D1C89F46E00FC78FC /* Main.storyboard */,
				1C212D401C89F46E00FC78FC /* Assets.xcassets */,
				1C212D421C89F46E00FC78FC /* LaunchScreen.storyboard */,
				1C212D451C89F46E00FC78FC /* Info.plist */,
			);
			path = "Pie Chart View";
			sourceTree = "<group>";
		};
		1C212D4D1C89F46E00FC78FC /* Pie Chart ViewTests */ = {
			isa = PBXGroup;
			children = (
				1C212D4E1C89F46E00FC78FC /* Pie_Chart_ViewTests.swift */,
				1C212D501C89F46E00FC78FC /* Info.plist */,
			);
			path = "Pie Chart ViewTests";
			sourceTree = "<group>";
		};
		1C212D581C89F46E00FC78FC /* Pie Chart ViewUITests */ = {
			isa = PBXGroup;
			children = (
				1C212D591C89F46E00FC78FC /* Pie_Chart_ViewUITests.swift */,
				1C212D5B1C89F46E00FC78FC /* Info.plist */,
			);
			path = "Pie Chart ViewUITests";
			sourceTree = "<group>";
		};
/* End PBXGroup section */

/* Begin PBXNativeTarget section */
		1C212D351C89F46E00FC78FC /* Pie Chart View */ = {
			isa = PBXNativeTarget;
			buildConfigurationList = 1C212D5E1C89F46E00FC78FC /* Build configuration list for PBXNativeTarget "Pie Chart View" */;
			buildPhases = (
				1C212D321C89F46E00FC78FC /* Sources */,
				1C212D331C89F46E00FC78FC /* Frameworks */,
				1C212D341C89F46E00FC78FC /* Resources */,
			);
			buildRules = (
			);
			dependencies = (
			);
			name = "Pie Chart View";
			productName = "Pie Chart View";
			productReference = 1C212D361C89F46E00FC78FC /* Pie Chart View.app */;
			productType = "com.apple.product-type.application";
		};
		1C212D491C89F46E00FC78FC /* Pie Chart ViewTests */ = {
			isa = PBXNativeTarget;
			buildConfigurationList = 1C212D611C89F46E00FC78FC /* Build configuration list for PBXNativeTarget "Pie Chart ViewTests" */;
			buildPhases = (
				1C212D461C89F46E00FC78FC /* Sources */,
				1C212D471C89F46E00FC78FC /* Frameworks */,
				1C212D481C89F46E00FC78FC /* Resources */,
			);
			buildRules = (
			);
			dependencies = (
				1C212D4C1C89F46E00FC78FC /* PBXTargetDependency */,
			);
			name = "Pie Chart ViewTests";
			productName = "Pie Chart ViewTests";
			productReference = 1C212D4A1C89F46E00FC78FC /* Pie Chart ViewTests.xctest */;
			productType = "com.apple.product-type.bundle.unit-test";
		};
		1C212D541C89F46E00FC78FC /* Pie Chart ViewUITests */ = {
			isa = PBXNativeTarget;
			buildConfigurationList = 1C212D641C89F46E00FC78FC /* Build configuration list for PBXNativeTarget "Pie Chart ViewUITests" */;
			buildPhases = (
				1C212D511C89F46E00FC78FC /* Sources */,
				1C212D521C89F46E00FC78FC /* Frameworks */,
				1C212D531C89F46E00FC78FC /* Resources */,
			);
			buildRules = (
			);
			dependencies = (
				1C212D571C89F46E00FC78FC /* PBXTargetDependency */,
			);
			name = "Pie Chart ViewUITests";
			productName = "Pie Chart ViewUITests";
			productReference = 1C212D551C89F46E00FC78FC /* Pie Chart ViewUITests.xctest */;
			productType = "com.apple.product-type.bundle.ui-testing";
		};
/* End PBXNativeTarget section */

/* Begin PBXProject section */
		1C212D2E1C89F46E00FC78FC /* Project object */ = {
			isa = PBXProject;
			attributes = {
				LastSwiftUpdateCheck = 0730;
				LastUpgradeCheck = 0730;
				ORGANIZATIONNAME = "Redonkulous Apps";
				TargetAttributes = {
					1C212D351C89F46E00FC78FC = {
						CreatedOnToolsVersion = 7.3;
					};
					1C212D491C89F46E00FC78FC = {
						CreatedOnToolsVersion = 7.3;
						TestTargetID = 1C212D351C89F46E00FC78FC;
					};
					1C212D541C89F46E00FC78FC = {
						CreatedOnToolsVersion = 7.3;
						TestTargetID = 1C212D351C89F46E00FC78FC;
					};
				};
			};
			buildConfigurationList = 1C212D311C89F46E00FC78FC /* Build configuration list for PBXProject "Pie Chart View" */;
			compatibilityVersion = "Xcode 3.2";
			developmentRegion = English;
			hasScannedForEncodings = 0;
			knownRegions = (
				en,
				Base,
			);
			mainGroup = 1C212D2D1C89F46E00FC78FC;
			productRefGroup = 1C212D371C89F46E00FC78FC /* Products */;
			projectDirPath = "";
			projectRoot = "";
			targets = (
				1C212D351C89F46E00FC78FC /* Pie Chart View */,
				1C212D491C89F46E00FC78FC /* Pie Chart ViewTests */,
				1C212D541C89F46E00FC78FC /* Pie Chart ViewUITests */,
			);
		};
/* End PBXProject section */

/* Begin PBXResourcesBuildPhase section */
		1C212D341C89F46E00FC78FC /* Resources */ = {
			isa = PBXResourcesBuildPhase;
			buildActionMask = 2147483647;
			files = (
				1C212D441C89F46E00FC78FC /* LaunchScreen.storyboard in Resources */,
				1C212D411C89F46E00FC78FC /* Assets.xcassets in Resources */,
				1C212D3F1C89F46E00FC78FC /* Main.storyboard in Resources */,
			);
			runOnlyForDeploymentPostprocessing = 0;
		};
		1C212D481C89F46E00FC78FC /* Resources */ = {
			isa = PBXResourcesBuildPhase;
			buildActionMask = 2147483647;
			files = (
			);
			runOnlyForDeploymentPostprocessing = 0;
		};
		1C212D531C89F46E00FC78FC /* Resources */ = {
			isa = PBXResourcesBuildPhase;
			buildActionMask = 2147483647;
			files = (
			);
			runOnlyForDeploymentPostprocessing = 0;
		};
/* End PBXResourcesBuildPhase section */

/* Begin PBXSourcesBuildPhase section */
		1C212D321C89F46E00FC78FC /* Sources */ = {
			isa = PBXSourcesBuildPhase;
			buildActionMask = 2147483647;
			files = (
				1C212D681C89F48100FC78FC /* PieChartView.swift in Sources */,
				1C212D3C1C89F46E00FC78FC /* ViewController.swift in Sources */,
				1C212D3A1C89F46E00FC78FC /* AppDelegate.swift in Sources */,
			);
			runOnlyForDeploymentPostprocessing = 0;
		};
		1C212D461C89F46E00FC78FC /* Sources */ = {
			isa = PBXSourcesBuildPhase;
			buildActionMask = 2147483647;
			files = (
				1C212D4F1C89F46E00FC78FC /* Pie_Chart_ViewTests.swift in Sources */,
			);
			runOnlyForDeploymentPostprocessing = 0;
		};
		1C212D511C89F46E00FC78FC /* Sources */ = {
			isa = PBXSourcesBuildPhase;
			buildActionMask = 2147483647;
			files = (
				1C212D5A1C89F46E00FC78FC /* Pie_Chart_ViewUITests.swift in Sources */,
			);
			runOnlyForDeploymentPostprocessing = 0;
		};
/* End PBXSourcesBuildPhase section */

/* Begin PBXTargetDependency section */
		1C212D4C1C89F46E00FC78FC /* PBXTargetDependency */ = {
			isa = PBXTargetDependency;
			target = 1C212D351C89F46E00FC78FC /* Pie Chart View */;
			targetProxy = 1C212D4B1C89F46E00FC78FC /* PBXContainerItemProxy */;
		};
		1C212D571C89F46E00FC78FC /* PBXTargetDependency */ = {
			isa = PBXTargetDependency;
			target = 1C212D351C89F46E00FC78FC /* Pie Chart View */;
			targetProxy = 1C212D561C89F46E00FC78FC /* PBXContainerItemProxy */;
		};
/* End PBXTargetDependency section */

/* Begin PBXVariantGroup section */
		1C212D3D1C89F46E00FC78FC /* Main.storyboard */ = {
			isa = PBXVariantGroup;
			children = (
				1C212D3E1C89F46E00FC78FC /* Base */,
			);
			name = Main.storyboard;
			sourceTree = "<group>";
		};
		1C212D421C89F46E00FC78FC /* LaunchScreen.storyboard */ = {
			isa = PBXVariantGroup;
			children = (
				1C212D431C89F46E00FC78FC /* Base */,
			);
			name = LaunchScreen.storyboard;
			sourceTree = "<group>";
		};
/* End PBXVariantGroup section */

/* Begin XCBuildConfiguration section */
		1C212D5C1C89F46E00FC78FC /* Debug */ = {
			isa = XCBuildConfiguration;
			buildSettings = {
				ALWAYS_SEARCH_USER_PATHS = NO;
				CLANG_ANALYZER_NONNULL = YES;
				CLANG_CXX_LANGUAGE_STANDARD = "gnu++0x";
				CLANG_CXX_LIBRARY = "libc++";
				CLANG_ENABLE_MODULES = YES;
				CLANG_ENABLE_OBJC_ARC = YES;
				CLANG_WARN_BOOL_CONVERSION = YES;
				CLANG_WARN_CONSTANT_CONVERSION = YES;
				CLANG_WARN_DIRECT_OBJC_ISA_USAGE = YES_ERROR;
				CLANG_WARN_EMPTY_BODY = YES;
				CLANG_WARN_ENUM_CONVERSION = YES;
				CLANG_WARN_INT_CONVERSION = YES;
				CLANG_WARN_OBJC_ROOT_CLASS = YES_ERROR;
				CLANG_WARN_UNREACHABLE_CODE = YES;
				CLANG_WARN__DUPLICATE_METHOD_MATCH = YES;
				"CODE_SIGN_IDENTITY[sdk=iphoneos*]" = "iPhone Developer";
				COPY_PHASE_STRIP = NO;
				DEBUG_INFORMATION_FORMAT = dwarf;
				ENABLE_STRICT_OBJC_MSGSEND = YES;
				ENABLE_TESTABILITY = YES;
				GCC_C_LANGUAGE_STANDARD = gnu99;
				GCC_DYNAMIC_NO_PIC = NO;
				GCC_NO_COMMON_BLOCKS = YES;
				GCC_OPTIMIZATION_LEVEL = 0;
				GCC_PREPROCESSOR_DEFINITIONS = (
					"DEBUG=1",
					"$(inherited)",
				);
				GCC_WARN_64_TO_32_BIT_CONVERSION = YES;
				GCC_WARN_ABOUT_RETURN_TYPE = YES_ERROR;
				GCC_WARN_UNDECLARED_SELECTOR = YES;
				GCC_WARN_UNINITIALIZED_AUTOS = YES_AGGRESSIVE;
				GCC_WARN_UNUSED_FUNCTION = YES;
				GCC_WARN_UNUSED_VARIABLE = YES;
				IPHONEOS_DEPLOYMENT_TARGET = 9.3;
				MTL_ENABLE_DEBUG_INFO = YES;
				ONLY_ACTIVE_ARCH = YES;
				SDKROOT = iphoneos;
				SWIFT_OPTIMIZATION_LEVEL = "-Onone";
				TARGETED_DEVICE_FAMILY = "1,2";
			};
			name = Debug;
		};
		1C212D5D1C89F46E00FC78FC /* Release */ = {
			isa = XCBuildConfiguration;
			buildSettings = {
				ALWAYS_SEARCH_USER_PATHS = NO;
				CLANG_ANALYZER_NONNULL = YES;
				CLANG_CXX_LANGUAGE_STANDARD = "gnu++0x";
				CLANG_CXX_LIBRARY = "libc++";
				CLANG_ENABLE_MODULES = YES;
				CLANG_ENABLE_OBJC_ARC = YES;
				CLANG_WARN_BOOL_CONVERSION = YES;
				CLANG_WARN_CONSTANT_CONVERSION = YES;
				CLANG_WARN_DIRECT_OBJC_ISA_USAGE = YES_ERROR;
				CLANG_WARN_EMPTY_BODY = YES;
				CLANG_WARN_ENUM_CONVERSION = YES;
				CLANG_WARN_INT_CONVERSION = YES;
				CLANG_WARN_OBJC_ROOT_CLASS = YES_ERROR;
				CLANG_WARN_UNREACHABLE_CODE = YES;
				CLANG_WARN__DUPLICATE_METHOD_MATCH = YES;
				"CODE_SIGN_IDENTITY[sdk=iphoneos*]" = "iPhone Developer";
				COPY_PHASE_STRIP = NO;
				DEBUG_INFORMATION_FORMAT = "dwarf-with-dsym";
				ENABLE_NS_ASSERTIONS = NO;
				ENABLE_STRICT_OBJC_MSGSEND = YES;
				GCC_C_LANGUAGE_STANDARD = gnu99;
				GCC_NO_COMMON_BLOCKS = YES;
				GCC_WARN_64_TO_32_BIT_CONVERSION = YES;
				GCC_WARN_ABOUT_RETURN_TYPE = YES_ERROR;
				GCC_WARN_UNDECLARED_SELECTOR = YES;
				GCC_WARN_UNINITIALIZED_AUTOS = YES_AGGRESSIVE;
				GCC_WARN_UNUSED_FUNCTION = YES;
				GCC_WARN_UNUSED_VARIABLE = YES;
				IPHONEOS_DEPLOYMENT_TARGET = 9.3;
				MTL_ENABLE_DEBUG_INFO = NO;
				SDKROOT = iphoneos;
				TARGETED_DEVICE_FAMILY = "1,2";
				VALIDATE_PRODUCT = YES;
			};
			name = Release;
		};
		1C212D5F1C89F46E00FC78FC /* Debug */ = {
			isa = XCBuildConfiguration;
			buildSettings = {
				ASSETCATALOG_COMPILER_APPICON_NAME = AppIcon;
				INFOPLIST_FILE = "Pie Chart View/Info.plist";
				LD_RUNPATH_SEARCH_PATHS = "$(inherited) @executable_path/Frameworks";
				PRODUCT_BUNDLE_IDENTIFIER = "com.redonkulousapps.Pie-Chart-View";
				PRODUCT_NAME = "$(TARGET_NAME)";
			};
			name = Debug;
		};
		1C212D601C89F46E00FC78FC /* Release */ = {
			isa = XCBuildConfiguration;
			buildSettings = {
				ASSETCATALOG_COMPILER_APPICON_NAME = AppIcon;
				INFOPLIST_FILE = "Pie Chart View/Info.plist";
				LD_RUNPATH_SEARCH_PATHS = "$(inherited) @executable_path/Frameworks";
				PRODUCT_BUNDLE_IDENTIFIER = "com.redonkulousapps.Pie-Chart-View";
				PRODUCT_NAME = "$(TARGET_NAME)";
			};
			name = Release;
		};
		1C212D621C89F46E00FC78FC /* Debug */ = {
			isa = XCBuildConfiguration;
			buildSettings = {
				BUNDLE_LOADER = "$(TEST_HOST)";
				INFOPLIST_FILE = "Pie Chart ViewTests/Info.plist";
				LD_RUNPATH_SEARCH_PATHS = "$(inherited) @executable_path/Frameworks @loader_path/Frameworks";
				PRODUCT_BUNDLE_IDENTIFIER = "com.redonkulousapps.Pie-Chart-ViewTests";
				PRODUCT_NAME = "$(TARGET_NAME)";
				TEST_HOST = "$(BUILT_PRODUCTS_DIR)/Pie Chart View.app/Pie Chart View";
			};
			name = Debug;
		};
		1C212D631C89F46E00FC78FC /* Release */ = {
			isa = XCBuildConfiguration;
			buildSettings = {
				BUNDLE_LOADER = "$(TEST_HOST)";
				INFOPLIST_FILE = "Pie Chart ViewTests/Info.plist";
				LD_RUNPATH_SEARCH_PATHS = "$(inherited) @executable_path/Frameworks @loader_path/Frameworks";
				PRODUCT_BUNDLE_IDENTIFIER = "com.redonkulousapps.Pie-Chart-ViewTests";
				PRODUCT_NAME = "$(TARGET_NAME)";
				TEST_HOST = "$(BUILT_PRODUCTS_DIR)/Pie Chart View.app/Pie Chart View";
			};
			name = Release;
		};
		1C212D651C89F46E00FC78FC /* Debug */ = {
			isa = XCBuildConfiguration;
			buildSettings = {
				INFOPLIST_FILE = "Pie Chart ViewUITests/Info.plist";
				LD_RUNPATH_SEARCH_PATHS = "$(inherited) @executable_path/Frameworks @loader_path/Frameworks";
				PRODUCT_BUNDLE_IDENTIFIER = "com.redonkulousapps.Pie-Chart-ViewUITests";
				PRODUCT_NAME = "$(TARGET_NAME)";
				TEST_TARGET_NAME = "Pie Chart View";
			};
			name = Debug;
		};
		1C212D661C89F46E00FC78FC /* Release */ = {
			isa = XCBuildConfiguration;
			buildSettings = {
				INFOPLIST_FILE = "Pie Chart ViewUITests/Info.plist";
				LD_RUNPATH_SEARCH_PATHS = "$(inherited) @executable_path/Frameworks @loader_path/Frameworks";
				PRODUCT_BUNDLE_IDENTIFIER = "com.redonkulousapps.Pie-Chart-ViewUITests";
				PRODUCT_NAME = "$(TARGET_NAME)";
				TEST_TARGET_NAME = "Pie Chart View";
			};
			name = Release;
		};
/* End XCBuildConfiguration section */

/* Begin XCConfigurationList section */
		1C212D311C89F46E00FC78FC /* Build configuration list for PBXProject "Pie Chart View" */ = {
			isa = XCConfigurationList;
			buildConfigurations = (
				1C212D5C1C89F46E00FC78FC /* Debug */,
				1C212D5D1C89F46E00FC78FC /* Release */,
			);
			defaultConfigurationIsVisible = 0;
			defaultConfigurationName = Release;
		};
		1C212D5E1C89F46E00FC78FC /* Build configuration list for PBXNativeTarget "Pie Chart View" */ = {
			isa = XCConfigurationList;
			buildConfigurations = (
				1C212D5F1C89F46E00FC78FC /* Debug */,
				1C212D601C89F46E00FC78FC /* Release */,
			);
			defaultConfigurationIsVisible = 0;
		};
		1C212D611C89F46E00FC78FC /* Build configuration list for PBXNativeTarget "Pie Chart ViewTests" */ = {
			isa = XCConfigurationList;
			buildConfigurations = (
				1C212D621C89F46E00FC78FC /* Debug */,
				1C212D631C89F46E00FC78FC /* Release */,
			);
			defaultConfigurationIsVisible = 0;
		};
		1C212D641C89F46E00FC78FC /* Build configuration list for PBXNativeTarget "Pie Chart ViewUITests" */ = {
			isa = XCConfigurationList;
			buildConfigurations = (
				1C212D651C89F46E00FC78FC /* Debug */,
				1C212D661C89F46E00FC78FC /* Release */,
			);
			defaultConfigurationIsVisible = 0;
		};
/* End XCConfigurationList section */
	};
	rootObject = 1C212D2E1C89F46E00FC78FC /* Project object */;
}
